
Microsoft Visual Studio Solution File, Format Version 12.00
# Visual Studio 15
VisualStudioVersion = 15.0.27004.2009
MinimumVisualStudioVersion = 10.0.40219.1
Project("{FAE04EC0-301F-11D3-BF4B-00C04F79EFBC}") = "Lesson_6", "Lesson_6\Lesson_6.csproj", "{90672A8F-2D3A-48EC-AF48-ABE8B18BC82E}"
EndProject
Global
	GlobalSection(SolutionConfigurationPlatforms) = preSolution
		Debug|Any CPU = Debug|Any CPU
		Release|Any CPU = Release|Any CPU
	EndGlobalSection
	GlobalSection(ProjectConfigurationPlatforms) = postSolution
		{90672A8F-2D3A-48EC-AF48-ABE8B18BC82E}.Debug|Any CPU.ActiveCfg = Debug|Any CPU
		{90672A8F-2D3A-48EC-AF48-ABE8B18BC82E}.Debug|Any CPU.Build.0 = Debug|Any CPU
		{90672A8F-2D3A-48EC-AF48-ABE8B18BC82E}.Release|Any CPU.ActiveCfg = Release|Any CPU
		{90672A8F-2D3A-48EC-AF48-ABE8B18BC82E}.Release|Any CPU.Build.0 = Release|Any CPU
	EndGlobalSection
	GlobalSection(SolutionProperties) = preSolution
		HideSolutionNode = FALSE
	EndGlobalSection
	GlobalSection(ExtensibilityGlobals) = postSolution
		SolutionGuid = {3942C92D-0362-49AC-BED0-C9B97AEC042A}
	EndGlobalSection
EndGlobal
